// !$*UTF8*$!
{
	archiveVersion = 1;
	classes = {
	};
	objectVersion = 70;
	objects = {

/* Begin PBXBuildFile section */
		4E082658257D626D00278208 /* LICENSE in Resources */ = {isa = PBXBuildFile; fileRef = 4E082657257D626D00278208 /* LICENSE */; };
		4E5C6DDD2565BD2900DDB833 /* GoodreadsService in Frameworks */ = {isa = PBXBuildFile; productRef = 4E5C6DDC2565BD2900DDB833 /* GoodreadsService */; };
		DDB4B7A32B932EF3001A3172 /* OrderedCollections in Frameworks */ = {isa = PBXBuildFile; productRef = DDB4B7A22B932EF3001A3172 /* OrderedCollections */; };
/* End PBXBuildFile section */

/* Begin PBXContainerItemProxy section */
		4E5C6DAD2565BBB500DDB833 /* PBXContainerItemProxy */ = {
			isa = PBXContainerItemProxy;
			containerPortal = 4E5C6D8E2565BBB400DDB833 /* Project object */;
			proxyType = 1;
			remoteGlobalIDString = 4E5C6D952565BBB400DDB833;
			remoteInfo = Worm;
		};
		4E5C6DB82565BBB600DDB833 /* PBXContainerItemProxy */ = {
			isa = PBXContainerItemProxy;
			containerPortal = 4E5C6D8E2565BBB400DDB833 /* Project object */;
			proxyType = 1;
			remoteGlobalIDString = 4E5C6D952565BBB400DDB833;
			remoteInfo = Worm;
		};
/* End PBXContainerItemProxy section */

/* Begin PBXFileReference section */
		4E082657257D626D00278208 /* LICENSE */ = {isa = PBXFileReference; lastKnownFileType = text; path = LICENSE; sourceTree = "<group>"; };
		4E08265C257D62A600278208 /* README.md */ = {isa = PBXFileReference; lastKnownFileType = net.daringfireball.markdown; path = README.md; sourceTree = "<group>"; };
		4E5C6D962565BBB400DDB833 /* Worm.app */ = {isa = PBXFileReference; explicitFileType = wrapper.application; includeInIndex = 0; path = Worm.app; sourceTree = BUILT_PRODUCTS_DIR; };
		4E5C6DAC2565BBB500DDB833 /* WormTests.xctest */ = {isa = PBXFileReference; explicitFileType = wrapper.cfbundle; includeInIndex = 0; path = WormTests.xctest; sourceTree = BUILT_PRODUCTS_DIR; };
		4E5C6DB72565BBB600DDB833 /* WormUITests.xctest */ = {isa = PBXFileReference; explicitFileType = wrapper.cfbundle; includeInIndex = 0; path = WormUITests.xctest; sourceTree = BUILT_PRODUCTS_DIR; };
/* End PBXFileReference section */

/* Begin PBXFileSystemSynchronizedBuildFileExceptionSet section */
		DD8D1DCD2DC9368D00521949 /* PBXFileSystemSynchronizedBuildFileExceptionSet */ = {
			isa = PBXFileSystemSynchronizedBuildFileExceptionSet;
			membershipExceptions = (
				Info.plist,
				Worm.xcdatamodeld,
			);
			platformFiltersByRelativePath = {
				Resources/LaunchScreen.storyboard = (
					ios,
				);
			};
			target = 4E5C6D952565BBB400DDB833 /* Worm */;
		};
		DD8D1E2D2DC9375500521949 /* PBXFileSystemSynchronizedBuildFileExceptionSet */ = {
			isa = PBXFileSystemSynchronizedBuildFileExceptionSet;
			membershipExceptions = (
				Info.plist,
			);
			target = 4E5C6DB62565BBB600DDB833 /* WormUITests */;
		};
		DD8D1E672DC9389700521949 /* PBXFileSystemSynchronizedBuildFileExceptionSet */ = {
			isa = PBXFileSystemSynchronizedBuildFileExceptionSet;
			membershipExceptions = (
				Info.plist,
				Worm.xctestplan,
			);
			target = 4E5C6DAB2565BBB500DDB833 /* WormTests */;
		};
/* End PBXFileSystemSynchronizedBuildFileExceptionSet section */

/* Begin PBXFileSystemSynchronizedRootGroup section */
		DD8D1D9F2DC9368C00521949 /* Worm */ = {isa = PBXFileSystemSynchronizedRootGroup; exceptions = (DD8D1DCD2DC9368D00521949 /* PBXFileSystemSynchronizedBuildFileExceptionSet */, ); explicitFileTypes = {}; explicitFolders = (); path = Worm; sourceTree = "<group>"; };
		DD8D1E272DC9375500521949 /* WormUITests */ = {isa = PBXFileSystemSynchronizedRootGroup; exceptions = (DD8D1E2D2DC9375500521949 /* PBXFileSystemSynchronizedBuildFileExceptionSet */, ); explicitFileTypes = {}; explicitFolders = (); path = WormUITests; sourceTree = "<group>"; };
		DD8D1E512DC9389700521949 /* WormTests */ = {isa = PBXFileSystemSynchronizedRootGroup; exceptions = (DD8D1E672DC9389700521949 /* PBXFileSystemSynchronizedBuildFileExceptionSet */, ); explicitFileTypes = {}; explicitFolders = (); path = WormTests; sourceTree = "<group>"; };
/* End PBXFileSystemSynchronizedRootGroup section */

/* Begin PBXFrameworksBuildPhase section */
		4E5C6D932565BBB400DDB833 /* Frameworks */ = {
			isa = PBXFrameworksBuildPhase;
			buildActionMask = 2147483647;
			files = (
				DDB4B7A32B932EF3001A3172 /* OrderedCollections in Frameworks */,
				4E5C6DDD2565BD2900DDB833 /* GoodreadsService in Frameworks */,
			);
			runOnlyForDeploymentPostprocessing = 0;
		};
		4E5C6DA92565BBB500DDB833 /* Frameworks */ = {
			isa = PBXFrameworksBuildPhase;
			buildActionMask = 2147483647;
			files = (
			);
			runOnlyForDeploymentPostprocessing = 0;
		};
		4E5C6DB42565BBB600DDB833 /* Frameworks */ = {
			isa = PBXFrameworksBuildPhase;
			buildActionMask = 2147483647;
			files = (
			);
			runOnlyForDeploymentPostprocessing = 0;
		};
/* End PBXFrameworksBuildPhase section */

/* Begin PBXGroup section */
		4E5C6D8D2565BBB400DDB833 = {
			isa = PBXGroup;
			children = (
				DD8D1D9F2DC9368C00521949 /* Worm */,
				DD8D1E512DC9389700521949 /* WormTests */,
				DD8D1E272DC9375500521949 /* WormUITests */,
				4E5C6D972565BBB400DDB833 /* Products */,
				4E082657257D626D00278208 /* LICENSE */,
				4E08265C257D62A600278208 /* README.md */,
			);
			sourceTree = "<group>";
		};
		4E5C6D972565BBB400DDB833 /* Products */ = {
			isa = PBXGroup;
			children = (
				4E5C6D962565BBB400DDB833 /* Worm.app */,
				4E5C6DAC2565BBB500DDB833 /* WormTests.xctest */,
				4E5C6DB72565BBB600DDB833 /* WormUITests.xctest */,
			);
			name = Products;
			sourceTree = "<group>";
		};
/* End PBXGroup section */

/* Begin PBXNativeTarget section */
		4E5C6D952565BBB400DDB833 /* Worm */ = {
			isa = PBXNativeTarget;
			buildConfigurationList = 4E5C6DC02565BBB600DDB833 /* Build configuration list for PBXNativeTarget "Worm" */;
			buildPhases = (
				4E5C6D922565BBB400DDB833 /* Sources */,
				4E5C6D932565BBB400DDB833 /* Frameworks */,
				4E5C6D942565BBB400DDB833 /* Resources */,
			);
			buildRules = (
			);
			dependencies = (
			);
			fileSystemSynchronizedGroups = (
				DD8D1D9F2DC9368C00521949 /* Worm */,
			);
			name = Worm;
			packageProductDependencies = (
				4E5C6DDC2565BD2900DDB833 /* GoodreadsService */,
				DDB4B7A22B932EF3001A3172 /* OrderedCollections */,
			);
			productName = Worm;
			productReference = 4E5C6D962565BBB400DDB833 /* Worm.app */;
			productType = "com.apple.product-type.application";
		};
		4E5C6DAB2565BBB500DDB833 /* WormTests */ = {
			isa = PBXNativeTarget;
			buildConfigurationList = 4E5C6DC32565BBB600DDB833 /* Build configuration list for PBXNativeTarget "WormTests" */;
			buildPhases = (
				4E5C6DA82565BBB500DDB833 /* Sources */,
				4E5C6DA92565BBB500DDB833 /* Frameworks */,
				4E5C6DAA2565BBB500DDB833 /* Resources */,
			);
			buildRules = (
			);
			dependencies = (
				4E5C6DAE2565BBB500DDB833 /* PBXTargetDependency */,
			);
			fileSystemSynchronizedGroups = (
				DD8D1E512DC9389700521949 /* WormTests */,
			);
			name = WormTests;
			productName = WormTests;
			productReference = 4E5C6DAC2565BBB500DDB833 /* WormTests.xctest */;
			productType = "com.apple.product-type.bundle.unit-test";
		};
		4E5C6DB62565BBB600DDB833 /* WormUITests */ = {
			isa = PBXNativeTarget;
			buildConfigurationList = 4E5C6DC62565BBB600DDB833 /* Build configuration list for PBXNativeTarget "WormUITests" */;
			buildPhases = (
				4E5C6DB32565BBB600DDB833 /* Sources */,
				4E5C6DB42565BBB600DDB833 /* Frameworks */,
				4E5C6DB52565BBB600DDB833 /* Resources */,
			);
			buildRules = (
			);
			dependencies = (
				4E5C6DB92565BBB600DDB833 /* PBXTargetDependency */,
			);
			fileSystemSynchronizedGroups = (
				DD8D1E272DC9375500521949 /* WormUITests */,
			);
			name = WormUITests;
			productName = WormUITests;
			productReference = 4E5C6DB72565BBB600DDB833 /* WormUITests.xctest */;
			productType = "com.apple.product-type.bundle.ui-testing";
		};
/* End PBXNativeTarget section */

/* Begin PBXProject section */
		4E5C6D8E2565BBB400DDB833 /* Project object */ = {
			isa = PBXProject;
			attributes = {
				BuildIndependentTargetsInParallel = YES;
				LastSwiftUpdateCheck = 1220;
				LastUpgradeCheck = 1630;
				TargetAttributes = {
					4E5C6D952565BBB400DDB833 = {
						CreatedOnToolsVersion = 12.2;
					};
					4E5C6DAB2565BBB500DDB833 = {
						CreatedOnToolsVersion = 12.2;
						LastSwiftMigration = 1530;
						TestTargetID = 4E5C6D952565BBB400DDB833;
					};
					4E5C6DB62565BBB600DDB833 = {
						CreatedOnToolsVersion = 12.2;
						LastSwiftMigration = 1220;
						TestTargetID = 4E5C6D952565BBB400DDB833;
					};
				};
			};
			buildConfigurationList = 4E5C6D912565BBB400DDB833 /* Build configuration list for PBXProject "Worm" */;
			compatibilityVersion = "Xcode 9.3";
			developmentRegion = "en-GB";
			hasScannedForEncodings = 0;
			knownRegions = (
				ru,
				"en-GB",
			);
			mainGroup = 4E5C6D8D2565BBB400DDB833;
			packageReferences = (
				4E5C6DDB2565BD2900DDB833 /* XCRemoteSwiftPackageReference "GoodreadsService" */,
				DDB4B7A12B932EF3001A3172 /* XCRemoteSwiftPackageReference "swift-collections" */,
			);
			productRefGroup = 4E5C6D972565BBB400DDB833 /* Products */;
			projectDirPath = "";
			projectRoot = "";
			targets = (
				4E5C6D952565BBB400DDB833 /* Worm */,
				4E5C6DAB2565BBB500DDB833 /* WormTests */,
				4E5C6DB62565BBB600DDB833 /* WormUITests */,
			);
		};
/* End PBXProject section */

/* Begin PBXResourcesBuildPhase section */
		4E5C6D942565BBB400DDB833 /* Resources */ = {
			isa = PBXResourcesBuildPhase;
			buildActionMask = 2147483647;
			files = (
				4E082658257D626D00278208 /* LICENSE in Resources */,
			);
			runOnlyForDeploymentPostprocessing = 0;
		};
		4E5C6DAA2565BBB500DDB833 /* Resources */ = {
			isa = PBXResourcesBuildPhase;
			buildActionMask = 2147483647;
			files = (
			);
			runOnlyForDeploymentPostprocessing = 0;
		};
		4E5C6DB52565BBB600DDB833 /* Resources */ = {
			isa = PBXResourcesBuildPhase;
			buildActionMask = 2147483647;
			files = (
			);
			runOnlyForDeploymentPostprocessing = 0;
		};
/* End PBXResourcesBuildPhase section */

/* Begin PBXSourcesBuildPhase section */
		4E5C6D922565BBB400DDB833 /* Sources */ = {
			isa = PBXSourcesBuildPhase;
			buildActionMask = 2147483647;
			files = (
			);
			runOnlyForDeploymentPostprocessing = 0;
		};
		4E5C6DA82565BBB500DDB833 /* Sources */ = {
			isa = PBXSourcesBuildPhase;
			buildActionMask = 2147483647;
			files = (
			);
			runOnlyForDeploymentPostprocessing = 0;
		};
		4E5C6DB32565BBB600DDB833 /* Sources */ = {
			isa = PBXSourcesBuildPhase;
			buildActionMask = 2147483647;
			files = (
			);
			runOnlyForDeploymentPostprocessing = 0;
		};
/* End PBXSourcesBuildPhase section */

/* Begin PBXTargetDependency section */
		4E5C6DAE2565BBB500DDB833 /* PBXTargetDependency */ = {
			isa = PBXTargetDependency;
			target = 4E5C6D952565BBB400DDB833 /* Worm */;
			targetProxy = 4E5C6DAD2565BBB500DDB833 /* PBXContainerItemProxy */;
		};
		4E5C6DB92565BBB600DDB833 /* PBXTargetDependency */ = {
			isa = PBXTargetDependency;
			target = 4E5C6D952565BBB400DDB833 /* Worm */;
			targetProxy = 4E5C6DB82565BBB600DDB833 /* PBXContainerItemProxy */;
		};
/* End PBXTargetDependency section */

/* Begin XCBuildConfiguration section */
		4E5C6DBE2565BBB600DDB833 /* Debug */ = {
			isa = XCBuildConfiguration;
			buildSettings = {
				ALWAYS_SEARCH_USER_PATHS = NO;
				ASSETCATALOG_COMPILER_GENERATE_SWIFT_ASSET_SYMBOL_EXTENSIONS = YES;
				CLANG_ANALYZER_NONNULL = YES;
				CLANG_ANALYZER_NUMBER_OBJECT_CONVERSION = YES_AGGRESSIVE;
				CLANG_CXX_LANGUAGE_STANDARD = "gnu++14";
				CLANG_CXX_LIBRARY = "libc++";
				CLANG_ENABLE_MODULES = YES;
				CLANG_ENABLE_OBJC_ARC = YES;
				CLANG_ENABLE_OBJC_WEAK = YES;
				CLANG_WARN_BLOCK_CAPTURE_AUTORELEASING = YES;
				CLANG_WARN_BOOL_CONVERSION = YES;
				CLANG_WARN_COMMA = YES;
				CLANG_WARN_CONSTANT_CONVERSION = YES;
				CLANG_WARN_DEPRECATED_OBJC_IMPLEMENTATIONS = YES;
				CLANG_WARN_DIRECT_OBJC_ISA_USAGE = YES_ERROR;
				CLANG_WARN_DOCUMENTATION_COMMENTS = YES;
				CLANG_WARN_EMPTY_BODY = YES;
				CLANG_WARN_ENUM_CONVERSION = YES;
				CLANG_WARN_INFINITE_RECURSION = YES;
				CLANG_WARN_INT_CONVERSION = YES;
				CLANG_WARN_NON_LITERAL_NULL_CONVERSION = YES;
				CLANG_WARN_OBJC_IMPLICIT_RETAIN_SELF = YES;
				CLANG_WARN_OBJC_LITERAL_CONVERSION = YES;
				CLANG_WARN_OBJC_ROOT_CLASS = YES_ERROR;
				CLANG_WARN_QUOTED_INCLUDE_IN_FRAMEWORK_HEADER = YES;
				CLANG_WARN_RANGE_LOOP_ANALYSIS = YES;
				CLANG_WARN_STRICT_PROTOTYPES = YES;
				CLANG_WARN_SUSPICIOUS_MOVE = YES;
				CLANG_WARN_UNGUARDED_AVAILABILITY = YES_AGGRESSIVE;
				CLANG_WARN_UNREACHABLE_CODE = YES;
				CLANG_WARN__DUPLICATE_METHOD_MATCH = YES;
				COPY_PHASE_STRIP = NO;
				DEBUG_INFORMATION_FORMAT = dwarf;
				DEVELOPMENT_TEAM = 5P57GECZ2K;
				ENABLE_STRICT_OBJC_MSGSEND = YES;
				ENABLE_TESTABILITY = YES;
				ENABLE_USER_SCRIPT_SANDBOXING = YES;
				GCC_C_LANGUAGE_STANDARD = gnu11;
				GCC_DYNAMIC_NO_PIC = NO;
				GCC_NO_COMMON_BLOCKS = YES;
				GCC_OPTIMIZATION_LEVEL = 0;
				GCC_PREPROCESSOR_DEFINITIONS = (
					"DEBUG=1",
					"$(inherited)",
				);
				GCC_WARN_64_TO_32_BIT_CONVERSION = YES;
				GCC_WARN_ABOUT_RETURN_TYPE = YES_ERROR;
				GCC_WARN_UNDECLARED_SELECTOR = YES;
				GCC_WARN_UNINITIALIZED_AUTOS = YES_AGGRESSIVE;
				GCC_WARN_UNUSED_FUNCTION = YES;
				GCC_WARN_UNUSED_VARIABLE = YES;
				IPHONEOS_DEPLOYMENT_TARGET = 14.0;
				MTL_ENABLE_DEBUG_INFO = INCLUDE_SOURCE;
				MTL_FAST_MATH = YES;
				ONLY_ACTIVE_ARCH = YES;
				SDKROOT = iphoneos;
				SWIFT_ACTIVE_COMPILATION_CONDITIONS = DEBUG;
				SWIFT_EMIT_LOC_STRINGS = YES;
				SWIFT_OPTIMIZATION_LEVEL = "-Onone";
				SWIFT_VERSION = 6.0;
			};
			name = Debug;
		};
		4E5C6DBF2565BBB600DDB833 /* Release */ = {
			isa = XCBuildConfiguration;
			buildSettings = {
				ALWAYS_SEARCH_USER_PATHS = NO;
				ASSETCATALOG_COMPILER_GENERATE_SWIFT_ASSET_SYMBOL_EXTENSIONS = YES;
				CLANG_ANALYZER_NONNULL = YES;
				CLANG_ANALYZER_NUMBER_OBJECT_CONVERSION = YES_AGGRESSIVE;
				CLANG_CXX_LANGUAGE_STANDARD = "gnu++14";
				CLANG_CXX_LIBRARY = "libc++";
				CLANG_ENABLE_MODULES = YES;
				CLANG_ENABLE_OBJC_ARC = YES;
				CLANG_ENABLE_OBJC_WEAK = YES;
				CLANG_WARN_BLOCK_CAPTURE_AUTORELEASING = YES;
				CLANG_WARN_BOOL_CONVERSION = YES;
				CLANG_WARN_COMMA = YES;
				CLANG_WARN_CONSTANT_CONVERSION = YES;
				CLANG_WARN_DEPRECATED_OBJC_IMPLEMENTATIONS = YES;
				CLANG_WARN_DIRECT_OBJC_ISA_USAGE = YES_ERROR;
				CLANG_WARN_DOCUMENTATION_COMMENTS = YES;
				CLANG_WARN_EMPTY_BODY = YES;
				CLANG_WARN_ENUM_CONVERSION = YES;
				CLANG_WARN_INFINITE_RECURSION = YES;
				CLANG_WARN_INT_CONVERSION = YES;
				CLANG_WARN_NON_LITERAL_NULL_CONVERSION = YES;
				CLANG_WARN_OBJC_IMPLICIT_RETAIN_SELF = YES;
				CLANG_WARN_OBJC_LITERAL_CONVERSION = YES;
				CLANG_WARN_OBJC_ROOT_CLASS = YES_ERROR;
				CLANG_WARN_QUOTED_INCLUDE_IN_FRAMEWORK_HEADER = YES;
				CLANG_WARN_RANGE_LOOP_ANALYSIS = YES;
				CLANG_WARN_STRICT_PROTOTYPES = YES;
				CLANG_WARN_SUSPICIOUS_MOVE = YES;
				CLANG_WARN_UNGUARDED_AVAILABILITY = YES_AGGRESSIVE;
				CLANG_WARN_UNREACHABLE_CODE = YES;
				CLANG_WARN__DUPLICATE_METHOD_MATCH = YES;
				COPY_PHASE_STRIP = NO;
				DEBUG_INFORMATION_FORMAT = "dwarf-with-dsym";
				DEVELOPMENT_TEAM = 5P57GECZ2K;
				ENABLE_NS_ASSERTIONS = NO;
				ENABLE_STRICT_OBJC_MSGSEND = YES;
				ENABLE_USER_SCRIPT_SANDBOXING = YES;
				GCC_C_LANGUAGE_STANDARD = gnu11;
				GCC_NO_COMMON_BLOCKS = YES;
				GCC_WARN_64_TO_32_BIT_CONVERSION = YES;
				GCC_WARN_ABOUT_RETURN_TYPE = YES_ERROR;
				GCC_WARN_UNDECLARED_SELECTOR = YES;
				GCC_WARN_UNINITIALIZED_AUTOS = YES_AGGRESSIVE;
				GCC_WARN_UNUSED_FUNCTION = YES;
				GCC_WARN_UNUSED_VARIABLE = YES;
				IPHONEOS_DEPLOYMENT_TARGET = 14.0;
				MTL_ENABLE_DEBUG_INFO = NO;
				MTL_FAST_MATH = YES;
				SDKROOT = iphoneos;
				SWIFT_COMPILATION_MODE = wholemodule;
				SWIFT_EMIT_LOC_STRINGS = YES;
				SWIFT_OPTIMIZATION_LEVEL = "-O";
				SWIFT_VERSION = 6.0;
				VALIDATE_PRODUCT = YES;
			};
			name = Release;
		};
		4E5C6DC12565BBB600DDB833 /* Debug */ = {
			isa = XCBuildConfiguration;
			buildSettings = {
				ASSETCATALOG_COMPILER_APPICON_NAME = AppIcon;
				ASSETCATALOG_COMPILER_GLOBAL_ACCENT_COLOR_NAME = AccentColor;
				CODE_SIGN_IDENTITY = "Apple Development";
				CODE_SIGN_STYLE = Automatic;
				DEVELOPMENT_ASSET_PATHS = "\"Worm/Preview Content\"";
				ENABLE_PREVIEWS = YES;
				INFOPLIST_FILE = Worm/Info.plist;
				INFOPLIST_KEY_LSApplicationCategoryType = "public.app-category.books";
				IPHONEOS_DEPLOYMENT_TARGET = 18.0;
				LD_RUNPATH_SEARCH_PATHS = (
					"$(inherited)",
					"@executable_path/Frameworks",
				);
				MACOSX_DEPLOYMENT_TARGET = 15.0;
				MARKETING_VERSION = 1.0.0;
				PRODUCT_BUNDLE_IDENTIFIER = com.LazarevZubov.Worm;
				PRODUCT_NAME = "$(TARGET_NAME)";
				PROVISIONING_PROFILE_SPECIFIER = "";
				SUPPORTED_PLATFORMS = "iphoneos iphonesimulator macosx";
				SUPPORTS_MACCATALYST = NO;
				SUPPORTS_MAC_DESIGNED_FOR_IPHONE_IPAD = NO;
				SUPPORTS_XR_DESIGNED_FOR_IPHONE_IPAD = NO;
				SWIFT_STRICT_CONCURRENCY = complete;
				SWIFT_VERSION = 6.0;
				TARGETED_DEVICE_FAMILY = "1,2";
			};
			name = Debug;
		};
		4E5C6DC22565BBB600DDB833 /* Release */ = {
			isa = XCBuildConfiguration;
			buildSettings = {
				ASSETCATALOG_COMPILER_APPICON_NAME = AppIcon;
				ASSETCATALOG_COMPILER_GLOBAL_ACCENT_COLOR_NAME = AccentColor;
				CODE_SIGN_IDENTITY = "Apple Development";
				CODE_SIGN_STYLE = Automatic;
				DEVELOPMENT_ASSET_PATHS = "\"Worm/Preview Content\"";
				ENABLE_PREVIEWS = YES;
				INFOPLIST_FILE = Worm/Info.plist;
				INFOPLIST_KEY_LSApplicationCategoryType = "public.app-category.books";
				IPHONEOS_DEPLOYMENT_TARGET = 18.0;
				LD_RUNPATH_SEARCH_PATHS = (
					"$(inherited)",
					"@executable_path/Frameworks",
				);
				MACOSX_DEPLOYMENT_TARGET = 15.0;
				MARKETING_VERSION = 1.0.0;
				PRODUCT_BUNDLE_IDENTIFIER = com.LazarevZubov.Worm;
				PRODUCT_NAME = "$(TARGET_NAME)";
				PROVISIONING_PROFILE_SPECIFIER = "";
				SUPPORTED_PLATFORMS = "iphoneos iphonesimulator macosx";
				SUPPORTS_MACCATALYST = NO;
				SUPPORTS_MAC_DESIGNED_FOR_IPHONE_IPAD = NO;
				SUPPORTS_XR_DESIGNED_FOR_IPHONE_IPAD = NO;
				SWIFT_STRICT_CONCURRENCY = complete;
				SWIFT_VERSION = 6.0;
				TARGETED_DEVICE_FAMILY = "1,2";
			};
			name = Release;
		};
		4E5C6DC42565BBB600DDB833 /* Debug */ = {
			isa = XCBuildConfiguration;
			buildSettings = {
				BUNDLE_LOADER = "$(TEST_HOST)";
				CLANG_ENABLE_MODULES = YES;
				CODE_SIGN_STYLE = Automatic;
				INFOPLIST_FILE = WormTests/Info.plist;
				IPHONEOS_DEPLOYMENT_TARGET = 18.0;
				LD_RUNPATH_SEARCH_PATHS = (
					"$(inherited)",
					"@executable_path/Frameworks",
					"@loader_path/Frameworks",
				);
				MACOSX_DEPLOYMENT_TARGET = 15.0;
				PRODUCT_BUNDLE_IDENTIFIER = com.LazarevZubov.WormTests;
				PRODUCT_NAME = "$(TARGET_NAME)";
				SUPPORTED_PLATFORMS = "iphoneos iphonesimulator macosx";
				SUPPORTS_MACCATALYST = NO;
				SUPPORTS_MAC_DESIGNED_FOR_IPHONE_IPAD = NO;
				SUPPORTS_XR_DESIGNED_FOR_IPHONE_IPAD = NO;
				SWIFT_OPTIMIZATION_LEVEL = "-Onone";
				SWIFT_VERSION = 6.0;
				TARGETED_DEVICE_FAMILY = 1;
				TEST_HOST = "$(BUILT_PRODUCTS_DIR)/Worm.app/$(BUNDLE_EXECUTABLE_FOLDER_PATH)/Worm";
			};
			name = Debug;
		};
		4E5C6DC52565BBB600DDB833 /* Release */ = {
			isa = XCBuildConfiguration;
			buildSettings = {
				BUNDLE_LOADER = "$(TEST_HOST)";
				CLANG_ENABLE_MODULES = YES;
				CODE_SIGN_STYLE = Automatic;
				INFOPLIST_FILE = WormTests/Info.plist;
				IPHONEOS_DEPLOYMENT_TARGET = 18.0;
				LD_RUNPATH_SEARCH_PATHS = (
					"$(inherited)",
					"@executable_path/Frameworks",
					"@loader_path/Frameworks",
				);
				MACOSX_DEPLOYMENT_TARGET = 15.0;
				PRODUCT_BUNDLE_IDENTIFIER = com.LazarevZubov.WormTests;
				PRODUCT_NAME = "$(TARGET_NAME)";
				SUPPORTED_PLATFORMS = "iphoneos iphonesimulator macosx";
				SUPPORTS_MACCATALYST = NO;
				SUPPORTS_MAC_DESIGNED_FOR_IPHONE_IPAD = NO;
				SUPPORTS_XR_DESIGNED_FOR_IPHONE_IPAD = NO;
				SWIFT_VERSION = 6.0;
				TARGETED_DEVICE_FAMILY = 1;
				TEST_HOST = "$(BUILT_PRODUCTS_DIR)/Worm.app/$(BUNDLE_EXECUTABLE_FOLDER_PATH)/Worm";
			};
			name = Release;
		};
		4E5C6DC72565BBB600DDB833 /* Debug */ = {
			isa = XCBuildConfiguration;
			buildSettings = {
				CLANG_ENABLE_MODULES = YES;
				CODE_SIGN_STYLE = Automatic;
				INFOPLIST_FILE = WormUITests/Info.plist;
				IPHONEOS_DEPLOYMENT_TARGET = 18.0;
				LD_RUNPATH_SEARCH_PATHS = (
					"$(inherited)",
					"@executable_path/Frameworks",
					"@loader_path/Frameworks",
				);
				MACOSX_DEPLOYMENT_TARGET = 15.0;
				PRODUCT_BUNDLE_IDENTIFIER = com.LazarevZubov.WormUITests;
				PRODUCT_NAME = "$(TARGET_NAME)";
				SUPPORTED_PLATFORMS = "iphoneos iphonesimulator macosx";
				SUPPORTS_MACCATALYST = NO;
				SUPPORTS_MAC_DESIGNED_FOR_IPHONE_IPAD = NO;
				SUPPORTS_XR_DESIGNED_FOR_IPHONE_IPAD = NO;
				SWIFT_OBJC_BRIDGING_HEADER = "";
				SWIFT_OPTIMIZATION_LEVEL = "-Onone";
				SWIFT_VERSION = 6.0;
				TARGETED_DEVICE_FAMILY = 1;
				TEST_TARGET_NAME = Worm;
			};
			name = Debug;
		};
		4E5C6DC82565BBB600DDB833 /* Release */ = {
			isa = XCBuildConfiguration;
			buildSettings = {
				CLANG_ENABLE_MODULES = YES;
				CODE_SIGN_STYLE = Automatic;
				INFOPLIST_FILE = WormUITests/Info.plist;
				IPHONEOS_DEPLOYMENT_TARGET = 18.0;
				LD_RUNPATH_SEARCH_PATHS = (
					"$(inherited)",
					"@executable_path/Frameworks",
					"@loader_path/Frameworks",
				);
				MACOSX_DEPLOYMENT_TARGET = 15.0;
				PRODUCT_BUNDLE_IDENTIFIER = com.LazarevZubov.WormUITests;
				PRODUCT_NAME = "$(TARGET_NAME)";
				SUPPORTED_PLATFORMS = "iphoneos iphonesimulator macosx";
				SUPPORTS_MACCATALYST = NO;
				SUPPORTS_MAC_DESIGNED_FOR_IPHONE_IPAD = NO;
				SUPPORTS_XR_DESIGNED_FOR_IPHONE_IPAD = NO;
				SWIFT_OBJC_BRIDGING_HEADER = "";
				SWIFT_VERSION = 6.0;
				TARGETED_DEVICE_FAMILY = 1;
				TEST_TARGET_NAME = Worm;
			};
			name = Release;
		};
/* End XCBuildConfiguration section */

/* Begin XCConfigurationList section */
		4E5C6D912565BBB400DDB833 /* Build configuration list for PBXProject "Worm" */ = {
			isa = XCConfigurationList;
			buildConfigurations = (
				4E5C6DBE2565BBB600DDB833 /* Debug */,
				4E5C6DBF2565BBB600DDB833 /* Release */,
			);
			defaultConfigurationIsVisible = 0;
			defaultConfigurationName = Release;
		};
		4E5C6DC02565BBB600DDB833 /* Build configuration list for PBXNativeTarget "Worm" */ = {
			isa = XCConfigurationList;
			buildConfigurations = (
				4E5C6DC12565BBB600DDB833 /* Debug */,
				4E5C6DC22565BBB600DDB833 /* Release */,
			);
			defaultConfigurationIsVisible = 0;
			defaultConfigurationName = Release;
		};
		4E5C6DC32565BBB600DDB833 /* Build configuration list for PBXNativeTarget "WormTests" */ = {
			isa = XCConfigurationList;
			buildConfigurations = (
				4E5C6DC42565BBB600DDB833 /* Debug */,
				4E5C6DC52565BBB600DDB833 /* Release */,
			);
			defaultConfigurationIsVisible = 0;
			defaultConfigurationName = Release;
		};
		4E5C6DC62565BBB600DDB833 /* Build configuration list for PBXNativeTarget "WormUITests" */ = {
			isa = XCConfigurationList;
			buildConfigurations = (
				4E5C6DC72565BBB600DDB833 /* Debug */,
				4E5C6DC82565BBB600DDB833 /* Release */,
			);
			defaultConfigurationIsVisible = 0;
			defaultConfigurationName = Release;
		};
/* End XCConfigurationList section */

/* Begin XCRemoteSwiftPackageReference section */
		4E5C6DDB2565BD2900DDB833 /* XCRemoteSwiftPackageReference "GoodreadsService" */ = {
			isa = XCRemoteSwiftPackageReference;
			repositoryURL = "https://github.com/lazarevzubov/GoodreadsService.git";
			requirement = {
				kind = upToNextMajorVersion;
				minimumVersion = 3.1.0;
			};
		};
		DDB4B7A12B932EF3001A3172 /* XCRemoteSwiftPackageReference "swift-collections" */ = {
			isa = XCRemoteSwiftPackageReference;
			repositoryURL = "https://github.com/apple/swift-collections.git";
			requirement = {
				kind = upToNextMajorVersion;
				minimumVersion = 1.1.0;
			};
		};
/* End XCRemoteSwiftPackageReference section */

/* Begin XCSwiftPackageProductDependency section */
		4E5C6DDC2565BD2900DDB833 /* GoodreadsService */ = {
			isa = XCSwiftPackageProductDependency;
			package = 4E5C6DDB2565BD2900DDB833 /* XCRemoteSwiftPackageReference "GoodreadsService" */;
			productName = GoodreadsService;
		};
		DDB4B7A22B932EF3001A3172 /* OrderedCollections */ = {
			isa = XCSwiftPackageProductDependency;
			package = DDB4B7A12B932EF3001A3172 /* XCRemoteSwiftPackageReference "swift-collections" */;
			productName = OrderedCollections;
		};
/* End XCSwiftPackageProductDependency section */
	};
	rootObject = 4E5C6D8E2565BBB400DDB833 /* Project object */;
}
