{
  "object": {
    "pins": [
      {
        "package": "GoodreadsService",
        "repositoryURL": "https://github.com/lazarevzubov/GoodreadsService.git",
        "state": {
          "branch": "master",
          "revision": "87c319ea0a21590ca0842a5ce119d5108948acda",
          "version": null
        }
      }
    ]
  },
  "version": 1
}
