{
  "pins" : [
    {
      "identity" : "goodreadsservice",
      "kind" : "remoteSourceControl",
      "location" : "https://github.com/lazarevzubov/GoodreadsService.git",
      "state" : {
        "revision" : "66a143df8ec03ff31d2e2ab305ce8ad0a9d5891e",
        "version" : "1.0.0"
      }
    }
  ],
  "version" : 2
}
